Microsoft Visual Studio Solution File, Format Version 12.00
# Visual Studio Version 17
VisualStudioVersion = 17.5.002.0
MinimumVisualStudioVersion = 10.0.40219.1
Project("{2150E333-8FDC-42A3-9474-1A3956D46DE8}") = "csharp-prep", "csharp-prep", "{F82FE079-F61C-4851-B412-BD4260B64694}"
EndProject
Project("{9A19103F-16F7-4668-BE54-9A1E7A4F7556}") = "Prep1", "csharp-prep\Prep1\Prep1.csproj", "{C36735EB-4439-41AE-8F3C-E2AE3FD187BD}"
EndProject
Project("{9A19103F-16F7-4668-BE54-9A1E7A4F7556}") = "Prep2", "csharp-prep\Prep2\Prep2.csproj", "{469D0789-0363-42EB-83AA-C282FC986E2B}"
EndProject
Project("{9A19103F-16F7-4668-BE54-9A1E7A4F7556}") = "Prep3", "csharp-prep\Prep3\Prep3.csproj", "{5C1DB513-94A7-48B6-ADC2-BE031BB82472}"
EndProject
Project("{9A19103F-16F7-4668-BE54-9A1E7A4F7556}") = "Prep4", "csharp-prep\Prep4\Prep4.csproj", "{215AE06A-A3AD-4FFE-8585-A0780B9C4C63}"
EndProject
Project("{9A19103F-16F7-4668-BE54-9A1E7A4F7556}") = "Prep5", "csharp-prep\Prep5\Prep5.csproj", "{0B3B8D6E-A16F-4017-8A45-722F43B1C896}"
EndProject
Project("{2150E333-8FDC-42A3-9474-1A3956D46DE8}") = "final", "final", "{2F6AA368-80A2-42C4-8407-07B7D1543133}"
EndProject
Project("{9A19103F-16F7-4668-BE54-9A1E7A4F7556}") = "FinalProject", "final\FinalProject\FinalProject.csproj", "{C6DDE8C7-6776-4984-8813-E9DC7128793E}"
EndProject
Project("{9A19103F-16F7-4668-BE54-9A1E7A4F7556}") = "Foundation1", "final\Foundation1\Foundation1.csproj", "{15B10F5F-72EA-457F-A44E-7F96E6BBC08B}"
EndProject
Project("{9A19103F-16F7-4668-BE54-9A1E7A4F7556}") = "Foundation2", "final\Foundation2\Foundation2.csproj", "{4A46A39F-1946-44CD-9F80-3A63F7328A46}"
EndProject
Project("{9A19103F-16F7-4668-BE54-9A1E7A4F7556}") = "Foundation3", "final\Foundation3\Foundation3.csproj", "{0C5505AF-7F52-49B7-97F9-9A674442BD5A}"
EndProject
Project("{9A19103F-16F7-4668-BE54-9A1E7A4F7556}") = "Foundation4", "final\Foundation4\Foundation4.csproj", "{6502BAF9-4526-43D0-9D8C-229A5272F1E1}"
EndProject
Project("{2150E333-8FDC-42A3-9474-1A3956D46DE8}") = "prepare", "prepare", "{E8383191-4A93-4662-ADB8-D0B97C3DA682}"
EndProject
Project("{9A19103F-16F7-4668-BE54-9A1E7A4F7556}") = "Learning02", "prepare\Learning02\Learning02.csproj", "{2C20BC13-E587-4CEC-8F29-90F54DF96196}"
EndProject
Project("{9A19103F-16F7-4668-BE54-9A1E7A4F7556}") = "Learning03", "prepare\Learning03\Learning03.csproj", "{EBE3CBAE-E470-4D7F-BE92-143602D10A93}"
EndProject
Project("{9A19103F-16F7-4668-BE54-9A1E7A4F7556}") = "Learning04", "prepare\Learning04\Learning04.csproj", "{1F57ECD4-B65E-4CA8-AD54-66300B517F7F}"
EndProject
Project("{9A19103F-16F7-4668-BE54-9A1E7A4F7556}") = "Learning05", "prepare\Learning05\Learning05.csproj", "{DE408CF7-2D38-489C-9F7D-47EAD165AE6A}"
EndProject
Project("{2150E333-8FDC-42A3-9474-1A3956D46DE8}") = "prove", "prove", "{CE23D545-173A-442D-B2E0-2D1204C0FFA9}"
EndProject
Project("{9A19103F-16F7-4668-BE54-9A1E7A4F7556}") = "Develop02", "prove\Develop02\Develop02.csproj", "{BCDA0094-9E82-4C66-9394-A43CECCD3027}"
EndProject
Project("{9A19103F-16F7-4668-BE54-9A1E7A4F7556}") = "Develop03", "prove\Develop03\Develop03.csproj", "{C60EEEC7-08B0-4CAA-9D65-377ECA09F47E}"
EndProject
Project("{9A19103F-16F7-4668-BE54-9A1E7A4F7556}") = "Develop04", "prove\Develop04\Develop04.csproj", "{08E3C095-3DC5-431F-A5E7-5292CAD4FF5A}"
EndProject
Project("{9A19103F-16F7-4668-BE54-9A1E7A4F7556}") = "Develop05", "prove\Develop05\Develop05.csproj", "{20382581-DA1C-4AC6-BB5E-3C71215E05A0}"
EndProject
Project("{2150E333-8FDC-42A3-9474-1A3956D46DE8}") = "sandbox", "sandbox", "{E38E64FA-226F-4088-BFB3-24D21DAF28C6}"
EndProject
Project("{9A19103F-16F7-4668-BE54-9A1E7A4F7556}") = "Sandbox", "sandbox\Sandbox\Sandbox.csproj", "{746A3FD7-ED50-4879-83B8-C0FE229D3E68}"
EndProject
Global
	GlobalSection(SolutionConfigurationPlatforms) = preSolution
		Debug|Any CPU = Debug|Any CPU
		Release|Any CPU = Release|Any CPU
	EndGlobalSection
	GlobalSection(ProjectConfigurationPlatforms) = postSolution
		{C36735EB-4439-41AE-8F3C-E2AE3FD187BD}.Debug|Any CPU.ActiveCfg = Debug|Any CPU
		{C36735EB-4439-41AE-8F3C-E2AE3FD187BD}.Debug|Any CPU.Build.0 = Debug|Any CPU
		{C36735EB-4439-41AE-8F3C-E2AE3FD187BD}.Release|Any CPU.ActiveCfg = Release|Any CPU
		{C36735EB-4439-41AE-8F3C-E2AE3FD187BD}.Release|Any CPU.Build.0 = Release|Any CPU
		{469D0789-0363-42EB-83AA-C282FC986E2B}.Debug|Any CPU.ActiveCfg = Debug|Any CPU
		{469D0789-0363-42EB-83AA-C282FC986E2B}.Debug|Any CPU.Build.0 = Debug|Any CPU
		{469D0789-0363-42EB-83AA-C282FC986E2B}.Release|Any CPU.ActiveCfg = Release|Any CPU
		{469D0789-0363-42EB-83AA-C282FC986E2B}.Release|Any CPU.Build.0 = Release|Any CPU
		{5C1DB513-94A7-48B6-ADC2-BE031BB82472}.Debug|Any CPU.ActiveCfg = Debug|Any CPU
		{5C1DB513-94A7-48B6-ADC2-BE031BB82472}.Debug|Any CPU.Build.0 = Debug|Any CPU
		{5C1DB513-94A7-48B6-ADC2-BE031BB82472}.Release|Any CPU.ActiveCfg = Release|Any CPU
		{5C1DB513-94A7-48B6-ADC2-BE031BB82472}.Release|Any CPU.Build.0 = Release|Any CPU
		{215AE06A-A3AD-4FFE-8585-A0780B9C4C63}.Debug|Any CPU.ActiveCfg = Debug|Any CPU
		{215AE06A-A3AD-4FFE-8585-A0780B9C4C63}.Debug|Any CPU.Build.0 = Debug|Any CPU
		{215AE06A-A3AD-4FFE-8585-A0780B9C4C63}.Release|Any CPU.ActiveCfg = Release|Any CPU
		{215AE06A-A3AD-4FFE-8585-A0780B9C4C63}.Release|Any CPU.Build.0 = Release|Any CPU
		{0B3B8D6E-A16F-4017-8A45-722F43B1C896}.Debug|Any CPU.ActiveCfg = Debug|Any CPU
		{0B3B8D6E-A16F-4017-8A45-722F43B1C896}.Debug|Any CPU.Build.0 = Debug|Any CPU
		{0B3B8D6E-A16F-4017-8A45-722F43B1C896}.Release|Any CPU.ActiveCfg = Release|Any CPU
		{0B3B8D6E-A16F-4017-8A45-722F43B1C896}.Release|Any CPU.Build.0 = Release|Any CPU
		{C6DDE8C7-6776-4984-8813-E9DC7128793E}.Debug|Any CPU.ActiveCfg = Debug|Any CPU
		{C6DDE8C7-6776-4984-8813-E9DC7128793E}.Debug|Any CPU.Build.0 = Debug|Any CPU
		{C6DDE8C7-6776-4984-8813-E9DC7128793E}.Release|Any CPU.ActiveCfg = Release|Any CPU
		{C6DDE8C7-6776-4984-8813-E9DC7128793E}.Release|Any CPU.Build.0 = Release|Any CPU
		{15B10F5F-72EA-457F-A44E-7F96E6BBC08B}.Debug|Any CPU.ActiveCfg = Debug|Any CPU
		{15B10F5F-72EA-457F-A44E-7F96E6BBC08B}.Debug|Any CPU.Build.0 = Debug|Any CPU
		{15B10F5F-72EA-457F-A44E-7F96E6BBC08B}.Release|Any CPU.ActiveCfg = Release|Any CPU
		{15B10F5F-72EA-457F-A44E-7F96E6BBC08B}.Release|Any CPU.Build.0 = Release|Any CPU
		{4A46A39F-1946-44CD-9F80-3A63F7328A46}.Debug|Any CPU.ActiveCfg = Debug|Any CPU
		{4A46A39F-1946-44CD-9F80-3A63F7328A46}.Debug|Any CPU.Build.0 = Debug|Any CPU
		{4A46A39F-1946-44CD-9F80-3A63F7328A46}.Release|Any CPU.ActiveCfg = Release|Any CPU
		{4A46A39F-1946-44CD-9F80-3A63F7328A46}.Release|Any CPU.Build.0 = Release|Any CPU
		{0C5505AF-7F52-49B7-97F9-9A674442BD5A}.Debug|Any CPU.ActiveCfg = Debug|Any CPU
		{0C5505AF-7F52-49B7-97F9-9A674442BD5A}.Debug|Any CPU.Build.0 = Debug|Any CPU
		{0C5505AF-7F52-49B7-97F9-9A674442BD5A}.Release|Any CPU.ActiveCfg = Release|Any CPU
		{0C5505AF-7F52-49B7-97F9-9A674442BD5A}.Release|Any CPU.Build.0 = Release|Any CPU
		{6502BAF9-4526-43D0-9D8C-229A5272F1E1}.Debug|Any CPU.ActiveCfg = Debug|Any CPU
		{6502BAF9-4526-43D0-9D8C-229A5272F1E1}.Debug|Any CPU.Build.0 = Debug|Any CPU
		{6502BAF9-4526-43D0-9D8C-229A5272F1E1}.Release|Any CPU.ActiveCfg = Release|Any CPU
		{6502BAF9-4526-43D0-9D8C-229A5272F1E1}.Release|Any CPU.Build.0 = Release|Any CPU
		{2C20BC13-E587-4CEC-8F29-90F54DF96196}.Debug|Any CPU.ActiveCfg = Debug|Any CPU
		{2C20BC13-E587-4CEC-8F29-90F54DF96196}.Debug|Any CPU.Build.0 = Debug|Any CPU
		{2C20BC13-E587-4CEC-8F29-90F54DF96196}.Release|Any CPU.ActiveCfg = Release|Any CPU
		{2C20BC13-E587-4CEC-8F29-90F54DF96196}.Release|Any CPU.Build.0 = Release|Any CPU
		{EBE3CBAE-E470-4D7F-BE92-143602D10A93}.Debug|Any CPU.ActiveCfg = Debug|Any CPU
		{EBE3CBAE-E470-4D7F-BE92-143602D10A93}.Debug|Any CPU.Build.0 = Debug|Any CPU
		{EBE3CBAE-E470-4D7F-BE92-143602D10A93}.Release|Any CPU.ActiveCfg = Release|Any CPU
		{EBE3CBAE-E470-4D7F-BE92-143602D10A93}.Release|Any CPU.Build.0 = Release|Any CPU
		{1F57ECD4-B65E-4CA8-AD54-66300B517F7F}.Debug|Any CPU.ActiveCfg = Debug|Any CPU
		{1F57ECD4-B65E-4CA8-AD54-66300B517F7F}.Debug|Any CPU.Build.0 = Debug|Any CPU
		{1F57ECD4-B65E-4CA8-AD54-66300B517F7F}.Release|Any CPU.ActiveCfg = Release|Any CPU
		{1F57ECD4-B65E-4CA8-AD54-66300B517F7F}.Release|Any CPU.Build.0 = Release|Any CPU
		{DE408CF7-2D38-489C-9F7D-47EAD165AE6A}.Debug|Any CPU.ActiveCfg = Debug|Any CPU
		{DE408CF7-2D38-489C-9F7D-47EAD165AE6A}.Debug|Any CPU.Build.0 = Debug|Any CPU
		{DE408CF7-2D38-489C-9F7D-47EAD165AE6A}.Release|Any CPU.ActiveCfg = Release|Any CPU
		{DE408CF7-2D38-489C-9F7D-47EAD165AE6A}.Release|Any CPU.Build.0 = Release|Any CPU
		{BCDA0094-9E82-4C66-9394-A43CECCD3027}.Debug|Any CPU.ActiveCfg = Debug|Any CPU
		{BCDA0094-9E82-4C66-9394-A43CECCD3027}.Debug|Any CPU.Build.0 = Debug|Any CPU
		{BCDA0094-9E82-4C66-9394-A43CECCD3027}.Release|Any CPU.ActiveCfg = Release|Any CPU
		{BCDA0094-9E82-4C66-9394-A43CECCD3027}.Release|Any CPU.Build.0 = Release|Any CPU
		{C60EEEC7-08B0-4CAA-9D65-377ECA09F47E}.Debug|Any CPU.ActiveCfg = Debug|Any CPU
		{C60EEEC7-08B0-4CAA-9D65-377ECA09F47E}.Debug|Any CPU.Build.0 = Debug|Any CPU
		{C60EEEC7-08B0-4CAA-9D65-377ECA09F47E}.Release|Any CPU.ActiveCfg = Release|Any CPU
		{C60EEEC7-08B0-4CAA-9D65-377ECA09F47E}.Release|Any CPU.Build.0 = Release|Any CPU
		{08E3C095-3DC5-431F-A5E7-5292CAD4FF5A}.Debug|Any CPU.ActiveCfg = Debug|Any CPU
		{08E3C095-3DC5-431F-A5E7-5292CAD4FF5A}.Debug|Any CPU.Build.0 = Debug|Any CPU
		{08E3C095-3DC5-431F-A5E7-5292CAD4FF5A}.Release|Any CPU.ActiveCfg = Release|Any CPU
		{08E3C095-3DC5-431F-A5E7-5292CAD4FF5A}.Release|Any CPU.Build.0 = Release|Any CPU
		{20382581-DA1C-4AC6-BB5E-3C71215E05A0}.Debug|Any CPU.ActiveCfg = Debug|Any CPU
		{20382581-DA1C-4AC6-BB5E-3C71215E05A0}.Debug|Any CPU.Build.0 = Debug|Any CPU
		{20382581-DA1C-4AC6-BB5E-3C71215E05A0}.Release|Any CPU.ActiveCfg = Release|Any CPU
		{20382581-DA1C-4AC6-BB5E-3C71215E05A0}.Release|Any CPU.Build.0 = Release|Any CPU
		{746A3FD7-ED50-4879-83B8-C0FE229D3E68}.Debug|Any CPU.ActiveCfg = Debug|Any CPU
		{746A3FD7-ED50-4879-83B8-C0FE229D3E68}.Debug|Any CPU.Build.0 = Debug|Any CPU
		{746A3FD7-ED50-4879-83B8-C0FE229D3E68}.Release|Any CPU.ActiveCfg = Release|Any CPU
		{746A3FD7-ED50-4879-83B8-C0FE229D3E68}.Release|Any CPU.Build.0 = Release|Any CPU
	EndGlobalSection
	GlobalSection(SolutionProperties) = preSolution
		HideSolutionNode = FALSE
	EndGlobalSection
	GlobalSection(NestedProjects) = preSolution
		{C36735EB-4439-41AE-8F3C-E2AE3FD187BD} = {F82FE079-F61C-4851-B412-BD4260B64694}
		{469D0789-0363-42EB-83AA-C282FC986E2B} = {F82FE079-F61C-4851-B412-BD4260B64694}
		{5C1DB513-94A7-48B6-ADC2-BE031BB82472} = {F82FE079-F61C-4851-B412-BD4260B64694}
		{215AE06A-A3AD-4FFE-8585-A0780B9C4C63} = {F82FE079-F61C-4851-B412-BD4260B64694}
		{0B3B8D6E-A16F-4017-8A45-722F43B1C896} = {F82FE079-F61C-4851-B412-BD4260B64694}
		{C6DDE8C7-6776-4984-8813-E9DC7128793E} = {2F6AA368-80A2-42C4-8407-07B7D1543133}
		{15B10F5F-72EA-457F-A44E-7F96E6BBC08B} = {2F6AA368-80A2-42C4-8407-07B7D1543133}
		{4A46A39F-1946-44CD-9F80-3A63F7328A46} = {2F6AA368-80A2-42C4-8407-07B7D1543133}
		{0C5505AF-7F52-49B7-97F9-9A674442BD5A} = {2F6AA368-80A2-42C4-8407-07B7D1543133}
		{6502BAF9-4526-43D0-9D8C-229A5272F1E1} = {2F6AA368-80A2-42C4-8407-07B7D1543133}
		{2C20BC13-E587-4CEC-8F29-90F54DF96196} = {E8383191-4A93-4662-ADB8-D0B97C3DA682}
		{EBE3CBAE-E470-4D7F-BE92-143602D10A93} = {E8383191-4A93-4662-ADB8-D0B97C3DA682}
		{1F57ECD4-B65E-4CA8-AD54-66300B517F7F} = {E8383191-4A93-4662-ADB8-D0B97C3DA682}
		{DE408CF7-2D38-489C-9F7D-47EAD165AE6A} = {E8383191-4A93-4662-ADB8-D0B97C3DA682}
		{BCDA0094-9E82-4C66-9394-A43CECCD3027} = {CE23D545-173A-442D-B2E0-2D1204C0FFA9}
		{C60EEEC7-08B0-4CAA-9D65-377ECA09F47E} = {CE23D545-173A-442D-B2E0-2D1204C0FFA9}
		{08E3C095-3DC5-431F-A5E7-5292CAD4FF5A} = {CE23D545-173A-442D-B2E0-2D1204C0FFA9}
		{20382581-DA1C-4AC6-BB5E-3C71215E05A0} = {CE23D545-173A-442D-B2E0-2D1204C0FFA9}
		{746A3FD7-ED50-4879-83B8-C0FE229D3E68} = {E38E64FA-226F-4088-BFB3-24D21DAF28C6}
	EndGlobalSection
	GlobalSection(ExtensibilityGlobals) = postSolution
		SolutionGuid = {A8B74208-6FE1-47EC-A627-98690A050690}
	EndGlobalSection
EndGlobal
